{
  "name": "coc-todolist",
  "version": "1.0.8",
  "lockfileVersion": 1,
  "requires": true,
  "dependencies": {
    "@voldikss/tsconfig": {
      "version": "1.0.0",
      "resolved": "https://registry.npmjs.org/@voldikss/tsconfig/-/tsconfig-1.0.0.tgz",
      "integrity": "sha512-kOu26COHNo4uLDRVRFiEKA6mvJLypZNyKW+IoMw5I+VfAcszU50y6xcoUGrr8MoYvV5gq/RBLB2TllWG92/U8g==",
      "dev": true
    },
    "@voldikss/tslint-config": {
      "version": "1.0.6",
      "resolved": "https://registry.npmjs.org/@voldikss/tslint-config/-/tslint-config-1.0.6.tgz",
      "integrity": "sha512-im4BlAST7cv39q80BvNslFKflA9hLErJL6GNkQvL9ktaqJVsOQNKUtP+QmkI8f0l0dFYdV2ndeNObxD4TP7+Xg==",
      "dev": true
    },
    "agent-base": {
      "version": "4.3.0",
      "resolved": "https://registry.npmjs.org/agent-base/-/agent-base-4.3.0.tgz",
      "integrity": "sha512-salcGninV0nPrwpGNn4VTXBb1SOuXQBiqbrNXoeizJsHrsL6ERFM2Ne3JUSBWRE6aeNJI2ROP/WEEIDUiDe3cg==",
      "dev": true,
      "requires": {
        "es6-promisify": "^5.0.0"
      }
    },
    "debug": {
      "version": "3.1.0",
      "resolved": "https://registry.npmjs.org/debug/-/debug-3.1.0.tgz",
      "integrity": "sha512-OX8XqP7/1a9cqkxYw2yXss15f26NKWBpDXQd0/uK/KPqdQhxbPa994hnzjcE2VqQpDslf55723cKPUOGSmMY3g==",
      "dev": true,
      "requires": {
        "ms": "2.0.0"
      }
    },
    "es6-promise": {
      "version": "4.2.8",
      "resolved": "https://registry.npmjs.org/es6-promise/-/es6-promise-4.2.8.tgz",
      "integrity": "sha512-HJDGx5daxeIvxdBxvG2cb9g4tEvwIk3i8+nhX0yGrYmZUzbkdg8QbDevheDB8gd0//uPj4c1EQua8Q+MViT0/w==",
      "dev": true
    },
    "es6-promisify": {
      "version": "5.0.0",
      "resolved": "https://registry.npmjs.org/es6-promisify/-/es6-promisify-5.0.0.tgz",
      "integrity": "sha1-UQnWLz5W6pZ8S2NQWu8IKRyKUgM=",
      "dev": true,
      "requires": {
        "es6-promise": "^4.0.3"
      }
    },
    "http-proxy-agent": {
      "version": "2.1.0",
      "resolved": "https://registry.npmjs.org/http-proxy-agent/-/http-proxy-agent-2.1.0.tgz",
      "integrity": "sha512-qwHbBLV7WviBl0rQsOzH6o5lwyOIvwp/BdFnvVxXORldu5TmjFfjzBcWUWS5kWAZhmv+JtiDhSuQCp4sBfbIgg==",
      "dev": true,
      "requires": {
        "agent-base": "4",
        "debug": "3.1.0"
      }
    },
    "https-proxy-agent": {
      "version": "2.2.4",
      "resolved": "https://registry.npmjs.org/https-proxy-agent/-/https-proxy-agent-2.2.4.tgz",
      "integrity": "sha512-OmvfoQ53WLjtA9HeYP9RNrWMJzzAz1JGaSFr1nijg0PVR1JaD/xbJq1mdEIIlxGpXp9eSe/O2LgU9DJmTPd0Eg==",
      "dev": true,
      "requires": {
        "agent-base": "^4.3.0",
        "debug": "^3.1.0"
      }
    },
    "ms": {
      "version": "2.0.0",
      "resolved": "https://registry.npmjs.org/ms/-/ms-2.0.0.tgz",
      "integrity": "sha1-VgiurfwAvmwpAd9fmGF4jeDVl8g=",
      "dev": true
    },
    "request-light": {
      "version": "0.2.5",
      "resolved": "https://registry.npmjs.org/request-light/-/request-light-0.2.5.tgz",
      "integrity": "sha512-eBEh+GzJAftUnex6tcL6eV2JCifY0+sZMIUpUPOVXbs2nV5hla4ZMmO3icYKGuGVuQ2zHE9evh4OrRcH4iyYYw==",
      "dev": true,
      "requires": {
        "http-proxy-agent": "^2.1.0",
        "https-proxy-agent": "^2.2.3",
        "vscode-nls": "^4.1.1"
      }
    },
    "vscode-nls": {
      "version": "4.1.1",
      "resolved": "https://registry.npmjs.org/vscode-nls/-/vscode-nls-4.1.1.tgz",
      "integrity": "sha512-4R+2UoUUU/LdnMnFjePxfLqNhBS8lrAFyX7pjb2ud/lqDkrUavFUTcG7wR0HBZFakae0Q6KLBFjMS6W93F403A==",
      "dev": true
    }
  }
}
